
Microsoft Visual Studio Solution File, Format Version 12.00
# Visual Studio Version 17
VisualStudioVersion = 17.3.32819.101
MinimumVisualStudioVersion = 10.0.40219.1
Project("{FAE04EC0-301F-11D3-BF4B-00C04F79EFBC}") = "JOGODAVELHA", "JOGODAVELHA\JOGODAVELHA.csproj", "{A80A9332-8405-4178-9ACE-3C10CB0DD668}"
EndProject
Global
	GlobalSection(SolutionConfigurationPlatforms) = preSolution
		Debug|Any CPU = Debug|Any CPU
		Release|Any CPU = Release|Any CPU
	EndGlobalSection
	GlobalSection(ProjectConfigurationPlatforms) = postSolution
		{A80A9332-8405-4178-9ACE-3C10CB0DD668}.Debug|Any CPU.ActiveCfg = Debug|Any CPU
		{A80A9332-8405-4178-9ACE-3C10CB0DD668}.Debug|Any CPU.Build.0 = Debug|Any CPU
		{A80A9332-8405-4178-9ACE-3C10CB0DD668}.Release|Any CPU.ActiveCfg = Release|Any CPU
		{A80A9332-8405-4178-9ACE-3C10CB0DD668}.Release|Any CPU.Build.0 = Release|Any CPU
	EndGlobalSection
	GlobalSection(SolutionProperties) = preSolution
		HideSolutionNode = FALSE
	EndGlobalSection
	GlobalSection(ExtensibilityGlobals) = postSolution
		SolutionGuid = {BA576475-E2CA-49D0-9410-B3ADE1CC2EAB}
	EndGlobalSection
EndGlobal
