
Microsoft Visual Studio Solution File, Format Version 12.00
# Visual Studio Version 17
VisualStudioVersion = 17.3.32819.101
MinimumVisualStudioVersion = 10.0.40219.1
Project("{FAE04EC0-301F-11D3-BF4B-00C04F79EFBC}") = "CalculoDeFormas", "CalculoDeFormas\CalculoDeFormas.csproj", "{5363089C-7EEC-42F0-A609-33A2F14EC8A2}"
EndProject
Global
	GlobalSection(SolutionConfigurationPlatforms) = preSolution
		Debug|Any CPU = Debug|Any CPU
		Release|Any CPU = Release|Any CPU
	EndGlobalSection
	GlobalSection(ProjectConfigurationPlatforms) = postSolution
		{5363089C-7EEC-42F0-A609-33A2F14EC8A2}.Debug|Any CPU.ActiveCfg = Debug|Any CPU
		{5363089C-7EEC-42F0-A609-33A2F14EC8A2}.Debug|Any CPU.Build.0 = Debug|Any CPU
		{5363089C-7EEC-42F0-A609-33A2F14EC8A2}.Release|Any CPU.ActiveCfg = Release|Any CPU
		{5363089C-7EEC-42F0-A609-33A2F14EC8A2}.Release|Any CPU.Build.0 = Release|Any CPU
	EndGlobalSection
	GlobalSection(SolutionProperties) = preSolution
		HideSolutionNode = FALSE
	EndGlobalSection
	GlobalSection(ExtensibilityGlobals) = postSolution
		SolutionGuid = {0423013E-EC0E-4D9D-BCC9-C6E832C451FF}
	EndGlobalSection
EndGlobal
