
Microsoft Visual Studio Solution File, Format Version 12.00
# Visual Studio Version 17
VisualStudioVersion = 17.14.36518.9 d17.14
MinimumVisualStudioVersion = 10.0.40219.1
Project("{FAE04EC0-301F-11D3-BF4B-00C04F79EFBC}") = "Propriedades", "Propriedades\Propriedades.csproj", "{218AEE52-AE4F-432A-9B09-BFF63265DCC6}"
EndProject
Global
	GlobalSection(SolutionConfigurationPlatforms) = preSolution
		Debug|Any CPU = Debug|Any CPU
		Release|Any CPU = Release|Any CPU
	EndGlobalSection
	GlobalSection(ProjectConfigurationPlatforms) = postSolution
		{218AEE52-AE4F-432A-9B09-BFF63265DCC6}.Debug|Any CPU.ActiveCfg = Debug|Any CPU
		{218AEE52-AE4F-432A-9B09-BFF63265DCC6}.Debug|Any CPU.Build.0 = Debug|Any CPU
		{218AEE52-AE4F-432A-9B09-BFF63265DCC6}.Release|Any CPU.ActiveCfg = Release|Any CPU
		{218AEE52-AE4F-432A-9B09-BFF63265DCC6}.Release|Any CPU.Build.0 = Release|Any CPU
	EndGlobalSection
	GlobalSection(SolutionProperties) = preSolution
		HideSolutionNode = FALSE
	EndGlobalSection
	GlobalSection(ExtensibilityGlobals) = postSolution
		SolutionGuid = {9D95CFB4-04F1-4989-BC1D-4206F462D2BD}
	EndGlobalSection
EndGlobal
