
Microsoft Visual Studio Solution File, Format Version 12.00
# Visual Studio Version 17
VisualStudioVersion = 17.3.32819.101
MinimumVisualStudioVersion = 10.0.40219.1
Project("{FAE04EC0-301F-11D3-BF4B-00C04F79EFBC}") = "CalcularIMC", "CalcularIMC\CalcularIMC.csproj", "{9049125A-A6B2-43E9-80BA-5B1FE739285C}"
EndProject
Global
	GlobalSection(SolutionConfigurationPlatforms) = preSolution
		Debug|Any CPU = Debug|Any CPU
		Release|Any CPU = Release|Any CPU
	EndGlobalSection
	GlobalSection(ProjectConfigurationPlatforms) = postSolution
		{9049125A-A6B2-43E9-80BA-5B1FE739285C}.Debug|Any CPU.ActiveCfg = Debug|Any CPU
		{9049125A-A6B2-43E9-80BA-5B1FE739285C}.Debug|Any CPU.Build.0 = Debug|Any CPU
		{9049125A-A6B2-43E9-80BA-5B1FE739285C}.Release|Any CPU.ActiveCfg = Release|Any CPU
		{9049125A-A6B2-43E9-80BA-5B1FE739285C}.Release|Any CPU.Build.0 = Release|Any CPU
	EndGlobalSection
	GlobalSection(SolutionProperties) = preSolution
		HideSolutionNode = FALSE
	EndGlobalSection
	GlobalSection(ExtensibilityGlobals) = postSolution
		SolutionGuid = {80CDD3CD-AA4C-4216-A341-78854CD7298D}
	EndGlobalSection
EndGlobal
