
Microsoft Visual Studio Solution File, Format Version 12.00
# Visual Studio Version 17
VisualStudioVersion = 17.3.32819.101
MinimumVisualStudioVersion = 10.0.40219.1
Project("{FAE04EC0-301F-11D3-BF4B-00C04F79EFBC}") = "Burger", "Burger\Burger.csproj", "{1D0242D3-B0F9-4813-AFB4-24F3EAE7B2F7}"
EndProject
Global
	GlobalSection(SolutionConfigurationPlatforms) = preSolution
		Debug|Any CPU = Debug|Any CPU
		Release|Any CPU = Release|Any CPU
	EndGlobalSection
	GlobalSection(ProjectConfigurationPlatforms) = postSolution
		{1D0242D3-B0F9-4813-AFB4-24F3EAE7B2F7}.Debug|Any CPU.ActiveCfg = Debug|Any CPU
		{1D0242D3-B0F9-4813-AFB4-24F3EAE7B2F7}.Debug|Any CPU.Build.0 = Debug|Any CPU
		{1D0242D3-B0F9-4813-AFB4-24F3EAE7B2F7}.Release|Any CPU.ActiveCfg = Release|Any CPU
		{1D0242D3-B0F9-4813-AFB4-24F3EAE7B2F7}.Release|Any CPU.Build.0 = Release|Any CPU
	EndGlobalSection
	GlobalSection(SolutionProperties) = preSolution
		HideSolutionNode = FALSE
	EndGlobalSection
	GlobalSection(ExtensibilityGlobals) = postSolution
		SolutionGuid = {158FAD8E-1782-4D16-8EA4-DC093B850DB5}
	EndGlobalSection
EndGlobal
